
Microsoft Visual Studio Solution File, Format Version 12.00
# Visual Studio Version 17
VisualStudioVersion = 17.9.34723.18
MinimumVisualStudioVersion = 10.0.40219.1
Project("{9A19103F-16F7-4668-BE54-9A1E7A4F7556}") = "DevFreela.API", "DevFreela.API\DevFreela.API.csproj", "{DB5CB114-2AF0-4206-BFF3-1DF6E22756A0}"
EndProject
Project("{FAE04EC0-301F-11D3-BF4B-00C04F79EFBC}") = "DevFreela.Core", "DevFreela.Core\DevFreela.Core.csproj", "{934FD1CF-B4D0-49B9-A2FA-7476660C2A19}"
EndProject
Project("{FAE04EC0-301F-11D3-BF4B-00C04F79EFBC}") = "DevFreela.Infrastructure", "DevFreela.Infrastructure\DevFreela.Infrastructure.csproj", "{1004B183-2ABF-476E-A9A3-CE33C83F205D}"
EndProject
Global
	GlobalSection(SolutionConfigurationPlatforms) = preSolution
		Debug|Any CPU = Debug|Any CPU
		Release|Any CPU = Release|Any CPU
	EndGlobalSection
	GlobalSection(ProjectConfigurationPlatforms) = postSolution
		{DB5CB114-2AF0-4206-BFF3-1DF6E22756A0}.Debug|Any CPU.ActiveCfg = Debug|Any CPU
		{DB5CB114-2AF0-4206-BFF3-1DF6E22756A0}.Debug|Any CPU.Build.0 = Debug|Any CPU
		{DB5CB114-2AF0-4206-BFF3-1DF6E22756A0}.Release|Any CPU.ActiveCfg = Release|Any CPU
		{DB5CB114-2AF0-4206-BFF3-1DF6E22756A0}.Release|Any CPU.Build.0 = Release|Any CPU
		{934FD1CF-B4D0-49B9-A2FA-7476660C2A19}.Debug|Any CPU.ActiveCfg = Debug|Any CPU
		{934FD1CF-B4D0-49B9-A2FA-7476660C2A19}.Debug|Any CPU.Build.0 = Debug|Any CPU
		{934FD1CF-B4D0-49B9-A2FA-7476660C2A19}.Release|Any CPU.ActiveCfg = Release|Any CPU
		{934FD1CF-B4D0-49B9-A2FA-7476660C2A19}.Release|Any CPU.Build.0 = Release|Any CPU
		{1004B183-2ABF-476E-A9A3-CE33C83F205D}.Debug|Any CPU.ActiveCfg = Debug|Any CPU
		{1004B183-2ABF-476E-A9A3-CE33C83F205D}.Debug|Any CPU.Build.0 = Debug|Any CPU
		{1004B183-2ABF-476E-A9A3-CE33C83F205D}.Release|Any CPU.ActiveCfg = Release|Any CPU
		{1004B183-2ABF-476E-A9A3-CE33C83F205D}.Release|Any CPU.Build.0 = Release|Any CPU
	EndGlobalSection
	GlobalSection(SolutionProperties) = preSolution
		HideSolutionNode = FALSE
	EndGlobalSection
	GlobalSection(ExtensibilityGlobals) = postSolution
		SolutionGuid = {C19DE15D-311E-40FA-9FB6-50CCB6519587}
	EndGlobalSection
EndGlobal
